
Microsoft Visual Studio Solution File, Format Version 12.00
# Visual Studio Version 16
VisualStudioVersion = 16.0.30907.101
MinimumVisualStudioVersion = 10.0.40219.1
Project("{FAE04EC0-301F-11D3-BF4B-00C04F79EFBC}") = "CodeFirstEntity", "CodeFirstEntity\CodeFirstEntity.csproj", "{D284A979-479A-4B1A-8C20-D39E9F580FBF}"
EndProject
Global
	GlobalSection(SolutionConfigurationPlatforms) = preSolution
		Debug|Any CPU = Debug|Any CPU
		Release|Any CPU = Release|Any CPU
	EndGlobalSection
	GlobalSection(ProjectConfigurationPlatforms) = postSolution
		{D284A979-479A-4B1A-8C20-D39E9F580FBF}.Debug|Any CPU.ActiveCfg = Debug|Any CPU
		{D284A979-479A-4B1A-8C20-D39E9F580FBF}.Debug|Any CPU.Build.0 = Debug|Any CPU
		{D284A979-479A-4B1A-8C20-D39E9F580FBF}.Release|Any CPU.ActiveCfg = Release|Any CPU
		{D284A979-479A-4B1A-8C20-D39E9F580FBF}.Release|Any CPU.Build.0 = Release|Any CPU
	EndGlobalSection
	GlobalSection(SolutionProperties) = preSolution
		HideSolutionNode = FALSE
	EndGlobalSection
	GlobalSection(ExtensibilityGlobals) = postSolution
		SolutionGuid = {72845CF8-908C-4E57-96DE-9B01AA5FCD34}
	EndGlobalSection
EndGlobal
